
Microsoft Visual Studio Solution File, Format Version 12.00
# Visual Studio Version 17
VisualStudioVersion = 17.3.32929.385
MinimumVisualStudioVersion = 10.0.40219.1
Project("{FAE04EC0-301F-11D3-BF4B-00C04F79EFBC}") = "EmlakSitesiProjesi", "EmlakSitesiProjesi\EmlakSitesiProjesi.csproj", "{ECABD16F-C588-4ADC-ADC8-E76AB6FCD6E5}"
EndProject
Global
	GlobalSection(SolutionConfigurationPlatforms) = preSolution
		Debug|Any CPU = Debug|Any CPU
		Release|Any CPU = Release|Any CPU
	EndGlobalSection
	GlobalSection(ProjectConfigurationPlatforms) = postSolution
		{ECABD16F-C588-4ADC-ADC8-E76AB6FCD6E5}.Debug|Any CPU.ActiveCfg = Debug|Any CPU
		{ECABD16F-C588-4ADC-ADC8-E76AB6FCD6E5}.Debug|Any CPU.Build.0 = Debug|Any CPU
		{ECABD16F-C588-4ADC-ADC8-E76AB6FCD6E5}.Release|Any CPU.ActiveCfg = Release|Any CPU
		{ECABD16F-C588-4ADC-ADC8-E76AB6FCD6E5}.Release|Any CPU.Build.0 = Release|Any CPU
	EndGlobalSection
	GlobalSection(SolutionProperties) = preSolution
		HideSolutionNode = FALSE
	EndGlobalSection
	GlobalSection(ExtensibilityGlobals) = postSolution
		SolutionGuid = {A768CFA4-0656-4B22-BD72-169442B85C35}
	EndGlobalSection
EndGlobal
